
Microsoft Visual Studio Solution File, Format Version 12.00
# Visual Studio 15
VisualStudioVersion = 15.0.26403.0
MinimumVisualStudioVersion = 10.0.40219.1
Project("{8BC9CEB8-8B4A-11D0-8D11-00A0C91BC942}") = "Lab1Project", "Lab1Project\Lab1Project.vcxproj", "{E6D83544-38FA-43C6-8377-DEBC60662F0E}"
EndProject
Project("{8BC9CEB8-8B4A-11D0-8D11-00A0C91BC942}") = "Lab2Project", "Lab2Project\Lab2Project.vcxproj", "{B8A80F8C-6FBA-4699-B912-789C0A408C88}"
EndProject
Project("{8BC9CEB8-8B4A-11D0-8D11-00A0C91BC942}") = "Lab3Project", "Lab3Project\Lab3Project.vcxproj", "{B5D858F0-2B19-4C8B-A4FA-5F15CD27688D}"
EndProject
Project("{8BC9CEB8-8B4A-11D0-8D11-00A0C91BC942}") = "Lab4Project", "Lab4Project\Lab4Project.vcxproj", "{25A3D520-C1AD-43B1-AA40-403C2E4985AA}"
EndProject
Project("{FAE04EC0-301F-11D3-BF4B-00C04F79EFBC}") = "OpenGlProject", "OpenGlProject\OpenGlProject.csproj", "{205EC7C5-A7B2-43C2-B03A-9F1F6139D073}"
EndProject
Project("{8BC9CEB8-8B4A-11D0-8D11-00A0C91BC942}") = "Lab5Project", "Lab5Project\Lab5Project.vcxproj", "{AA714453-A767-4327-B855-DF035ED3828B}"
EndProject
Project("{8BC9CEB8-8B4A-11D0-8D11-00A0C91BC942}") = "Lab6Project", "Lab6Project\Lab6Project.vcxproj", "{2A270164-9975-4578-B609-6EC28FB6206F}"
EndProject
Project("{8BC9CEB8-8B4A-11D0-8D11-00A0C91BC942}") = "Lab7Project", "Lab7Project\Lab7Project.vcxproj", "{3769A23D-00AD-4834-AEFA-3E924E4B532A}"
EndProject
Project("{8BC9CEB8-8B4A-11D0-8D11-00A0C91BC942}") = "freetype", "Dependencies\freetype-2.4.0\builds\win32\vc2008\freetype.vcxproj", "{78B079BD-9FC7-4B9E-B4A6-96DA0F00248B}"
EndProject
Global
	GlobalSection(SolutionConfigurationPlatforms) = preSolution
		Debug Multithreaded|Any CPU = Debug Multithreaded|Any CPU
		Debug Multithreaded|x64 = Debug Multithreaded|x64
		Debug Multithreaded|x86 = Debug Multithreaded|x86
		Debug Singlethreaded|Any CPU = Debug Singlethreaded|Any CPU
		Debug Singlethreaded|x64 = Debug Singlethreaded|x64
		Debug Singlethreaded|x86 = Debug Singlethreaded|x86
		Debug|Any CPU = Debug|Any CPU
		Debug|x64 = Debug|x64
		Debug|x86 = Debug|x86
		Release Multithreaded|Any CPU = Release Multithreaded|Any CPU
		Release Multithreaded|x64 = Release Multithreaded|x64
		Release Multithreaded|x86 = Release Multithreaded|x86
		Release Singlethreaded|Any CPU = Release Singlethreaded|Any CPU
		Release Singlethreaded|x64 = Release Singlethreaded|x64
		Release Singlethreaded|x86 = Release Singlethreaded|x86
		Release|Any CPU = Release|Any CPU
		Release|x64 = Release|x64
		Release|x86 = Release|x86
	EndGlobalSection
	GlobalSection(ProjectConfigurationPlatforms) = postSolution
		{E6D83544-38FA-43C6-8377-DEBC60662F0E}.Debug Multithreaded|Any CPU.ActiveCfg = Release|x64
		{E6D83544-38FA-43C6-8377-DEBC60662F0E}.Debug Multithreaded|Any CPU.Build.0 = Release|x64
		{E6D83544-38FA-43C6-8377-DEBC60662F0E}.Debug Multithreaded|x64.ActiveCfg = Debug|x64
		{E6D83544-38FA-43C6-8377-DEBC60662F0E}.Debug Multithreaded|x64.Build.0 = Debug|x64
		{E6D83544-38FA-43C6-8377-DEBC60662F0E}.Debug Multithreaded|x86.ActiveCfg = Debug|Win32
		{E6D83544-38FA-43C6-8377-DEBC60662F0E}.Debug Multithreaded|x86.Build.0 = Debug|Win32
		{E6D83544-38FA-43C6-8377-DEBC60662F0E}.Debug Singlethreaded|Any CPU.ActiveCfg = Release|x64
		{E6D83544-38FA-43C6-8377-DEBC60662F0E}.Debug Singlethreaded|Any CPU.Build.0 = Release|x64
		{E6D83544-38FA-43C6-8377-DEBC60662F0E}.Debug Singlethreaded|x64.ActiveCfg = Debug|x64
		{E6D83544-38FA-43C6-8377-DEBC60662F0E}.Debug Singlethreaded|x64.Build.0 = Debug|x64
		{E6D83544-38FA-43C6-8377-DEBC60662F0E}.Debug Singlethreaded|x86.ActiveCfg = Debug|Win32
		{E6D83544-38FA-43C6-8377-DEBC60662F0E}.Debug Singlethreaded|x86.Build.0 = Debug|Win32
		{E6D83544-38FA-43C6-8377-DEBC60662F0E}.Debug|Any CPU.ActiveCfg = Debug|Win32
		{E6D83544-38FA-43C6-8377-DEBC60662F0E}.Debug|x64.ActiveCfg = Debug|x64
		{E6D83544-38FA-43C6-8377-DEBC60662F0E}.Debug|x64.Build.0 = Debug|x64
		{E6D83544-38FA-43C6-8377-DEBC60662F0E}.Debug|x86.ActiveCfg = Debug|Win32
		{E6D83544-38FA-43C6-8377-DEBC60662F0E}.Debug|x86.Build.0 = Debug|Win32
		{E6D83544-38FA-43C6-8377-DEBC60662F0E}.Release Multithreaded|Any CPU.ActiveCfg = Release|x64
		{E6D83544-38FA-43C6-8377-DEBC60662F0E}.Release Multithreaded|Any CPU.Build.0 = Release|x64
		{E6D83544-38FA-43C6-8377-DEBC60662F0E}.Release Multithreaded|x64.ActiveCfg = Release|x64
		{E6D83544-38FA-43C6-8377-DEBC60662F0E}.Release Multithreaded|x64.Build.0 = Release|x64
		{E6D83544-38FA-43C6-8377-DEBC60662F0E}.Release Multithreaded|x86.ActiveCfg = Release|Win32
		{E6D83544-38FA-43C6-8377-DEBC60662F0E}.Release Multithreaded|x86.Build.0 = Release|Win32
		{E6D83544-38FA-43C6-8377-DEBC60662F0E}.Release Singlethreaded|Any CPU.ActiveCfg = Release|x64
		{E6D83544-38FA-43C6-8377-DEBC60662F0E}.Release Singlethreaded|Any CPU.Build.0 = Release|x64
		{E6D83544-38FA-43C6-8377-DEBC60662F0E}.Release Singlethreaded|x64.ActiveCfg = Release|x64
		{E6D83544-38FA-43C6-8377-DEBC60662F0E}.Release Singlethreaded|x64.Build.0 = Release|x64
		{E6D83544-38FA-43C6-8377-DEBC60662F0E}.Release Singlethreaded|x86.ActiveCfg = Release|Win32
		{E6D83544-38FA-43C6-8377-DEBC60662F0E}.Release Singlethreaded|x86.Build.0 = Release|Win32
		{E6D83544-38FA-43C6-8377-DEBC60662F0E}.Release|Any CPU.ActiveCfg = Release|Win32
		{E6D83544-38FA-43C6-8377-DEBC60662F0E}.Release|x64.ActiveCfg = Release|x64
		{E6D83544-38FA-43C6-8377-DEBC60662F0E}.Release|x64.Build.0 = Release|x64
		{E6D83544-38FA-43C6-8377-DEBC60662F0E}.Release|x86.ActiveCfg = Release|Win32
		{E6D83544-38FA-43C6-8377-DEBC60662F0E}.Release|x86.Build.0 = Release|Win32
		{B8A80F8C-6FBA-4699-B912-789C0A408C88}.Debug Multithreaded|Any CPU.ActiveCfg = Release|x64
		{B8A80F8C-6FBA-4699-B912-789C0A408C88}.Debug Multithreaded|Any CPU.Build.0 = Release|x64
		{B8A80F8C-6FBA-4699-B912-789C0A408C88}.Debug Multithreaded|x64.ActiveCfg = Debug|x64
		{B8A80F8C-6FBA-4699-B912-789C0A408C88}.Debug Multithreaded|x64.Build.0 = Debug|x64
		{B8A80F8C-6FBA-4699-B912-789C0A408C88}.Debug Multithreaded|x86.ActiveCfg = Debug|Win32
		{B8A80F8C-6FBA-4699-B912-789C0A408C88}.Debug Multithreaded|x86.Build.0 = Debug|Win32
		{B8A80F8C-6FBA-4699-B912-789C0A408C88}.Debug Singlethreaded|Any CPU.ActiveCfg = Release|x64
		{B8A80F8C-6FBA-4699-B912-789C0A408C88}.Debug Singlethreaded|Any CPU.Build.0 = Release|x64
		{B8A80F8C-6FBA-4699-B912-789C0A408C88}.Debug Singlethreaded|x64.ActiveCfg = Debug|x64
		{B8A80F8C-6FBA-4699-B912-789C0A408C88}.Debug Singlethreaded|x64.Build.0 = Debug|x64
		{B8A80F8C-6FBA-4699-B912-789C0A408C88}.Debug Singlethreaded|x86.ActiveCfg = Debug|Win32
		{B8A80F8C-6FBA-4699-B912-789C0A408C88}.Debug Singlethreaded|x86.Build.0 = Debug|Win32
		{B8A80F8C-6FBA-4699-B912-789C0A408C88}.Debug|Any CPU.ActiveCfg = Debug|Win32
		{B8A80F8C-6FBA-4699-B912-789C0A408C88}.Debug|x64.ActiveCfg = Debug|x64
		{B8A80F8C-6FBA-4699-B912-789C0A408C88}.Debug|x64.Build.0 = Debug|x64
		{B8A80F8C-6FBA-4699-B912-789C0A408C88}.Debug|x86.ActiveCfg = Debug|Win32
		{B8A80F8C-6FBA-4699-B912-789C0A408C88}.Debug|x86.Build.0 = Debug|Win32
		{B8A80F8C-6FBA-4699-B912-789C0A408C88}.Release Multithreaded|Any CPU.ActiveCfg = Release|x64
		{B8A80F8C-6FBA-4699-B912-789C0A408C88}.Release Multithreaded|Any CPU.Build.0 = Release|x64
		{B8A80F8C-6FBA-4699-B912-789C0A408C88}.Release Multithreaded|x64.ActiveCfg = Release|x64
		{B8A80F8C-6FBA-4699-B912-789C0A408C88}.Release Multithreaded|x64.Build.0 = Release|x64
		{B8A80F8C-6FBA-4699-B912-789C0A408C88}.Release Multithreaded|x86.ActiveCfg = Release|Win32
		{B8A80F8C-6FBA-4699-B912-789C0A408C88}.Release Multithreaded|x86.Build.0 = Release|Win32
		{B8A80F8C-6FBA-4699-B912-789C0A408C88}.Release Singlethreaded|Any CPU.ActiveCfg = Release|x64
		{B8A80F8C-6FBA-4699-B912-789C0A408C88}.Release Singlethreaded|Any CPU.Build.0 = Release|x64
		{B8A80F8C-6FBA-4699-B912-789C0A408C88}.Release Singlethreaded|x64.ActiveCfg = Release|x64
		{B8A80F8C-6FBA-4699-B912-789C0A408C88}.Release Singlethreaded|x64.Build.0 = Release|x64
		{B8A80F8C-6FBA-4699-B912-789C0A408C88}.Release Singlethreaded|x86.ActiveCfg = Release|Win32
		{B8A80F8C-6FBA-4699-B912-789C0A408C88}.Release Singlethreaded|x86.Build.0 = Release|Win32
		{B8A80F8C-6FBA-4699-B912-789C0A408C88}.Release|Any CPU.ActiveCfg = Release|Win32
		{B8A80F8C-6FBA-4699-B912-789C0A408C88}.Release|x64.ActiveCfg = Release|x64
		{B8A80F8C-6FBA-4699-B912-789C0A408C88}.Release|x64.Build.0 = Release|x64
		{B8A80F8C-6FBA-4699-B912-789C0A408C88}.Release|x86.ActiveCfg = Release|Win32
		{B8A80F8C-6FBA-4699-B912-789C0A408C88}.Release|x86.Build.0 = Release|Win32
		{B5D858F0-2B19-4C8B-A4FA-5F15CD27688D}.Debug Multithreaded|Any CPU.ActiveCfg = Release|x64
		{B5D858F0-2B19-4C8B-A4FA-5F15CD27688D}.Debug Multithreaded|Any CPU.Build.0 = Release|x64
		{B5D858F0-2B19-4C8B-A4FA-5F15CD27688D}.Debug Multithreaded|x64.ActiveCfg = Debug|x64
		{B5D858F0-2B19-4C8B-A4FA-5F15CD27688D}.Debug Multithreaded|x64.Build.0 = Debug|x64
		{B5D858F0-2B19-4C8B-A4FA-5F15CD27688D}.Debug Multithreaded|x86.ActiveCfg = Debug|Win32
		{B5D858F0-2B19-4C8B-A4FA-5F15CD27688D}.Debug Multithreaded|x86.Build.0 = Debug|Win32
		{B5D858F0-2B19-4C8B-A4FA-5F15CD27688D}.Debug Singlethreaded|Any CPU.ActiveCfg = Release|x64
		{B5D858F0-2B19-4C8B-A4FA-5F15CD27688D}.Debug Singlethreaded|Any CPU.Build.0 = Release|x64
		{B5D858F0-2B19-4C8B-A4FA-5F15CD27688D}.Debug Singlethreaded|x64.ActiveCfg = Debug|x64
		{B5D858F0-2B19-4C8B-A4FA-5F15CD27688D}.Debug Singlethreaded|x64.Build.0 = Debug|x64
		{B5D858F0-2B19-4C8B-A4FA-5F15CD27688D}.Debug Singlethreaded|x86.ActiveCfg = Debug|Win32
		{B5D858F0-2B19-4C8B-A4FA-5F15CD27688D}.Debug Singlethreaded|x86.Build.0 = Debug|Win32
		{B5D858F0-2B19-4C8B-A4FA-5F15CD27688D}.Debug|Any CPU.ActiveCfg = Debug|Win32
		{B5D858F0-2B19-4C8B-A4FA-5F15CD27688D}.Debug|x64.ActiveCfg = Debug|x64
		{B5D858F0-2B19-4C8B-A4FA-5F15CD27688D}.Debug|x64.Build.0 = Debug|x64
		{B5D858F0-2B19-4C8B-A4FA-5F15CD27688D}.Debug|x86.ActiveCfg = Debug|Win32
		{B5D858F0-2B19-4C8B-A4FA-5F15CD27688D}.Debug|x86.Build.0 = Debug|Win32
		{B5D858F0-2B19-4C8B-A4FA-5F15CD27688D}.Release Multithreaded|Any CPU.ActiveCfg = Release|x64
		{B5D858F0-2B19-4C8B-A4FA-5F15CD27688D}.Release Multithreaded|Any CPU.Build.0 = Release|x64
		{B5D858F0-2B19-4C8B-A4FA-5F15CD27688D}.Release Multithreaded|x64.ActiveCfg = Release|x64
		{B5D858F0-2B19-4C8B-A4FA-5F15CD27688D}.Release Multithreaded|x64.Build.0 = Release|x64
		{B5D858F0-2B19-4C8B-A4FA-5F15CD27688D}.Release Multithreaded|x86.ActiveCfg = Release|Win32
		{B5D858F0-2B19-4C8B-A4FA-5F15CD27688D}.Release Multithreaded|x86.Build.0 = Release|Win32
		{B5D858F0-2B19-4C8B-A4FA-5F15CD27688D}.Release Singlethreaded|Any CPU.ActiveCfg = Release|x64
		{B5D858F0-2B19-4C8B-A4FA-5F15CD27688D}.Release Singlethreaded|Any CPU.Build.0 = Release|x64
		{B5D858F0-2B19-4C8B-A4FA-5F15CD27688D}.Release Singlethreaded|x64.ActiveCfg = Release|x64
		{B5D858F0-2B19-4C8B-A4FA-5F15CD27688D}.Release Singlethreaded|x64.Build.0 = Release|x64
		{B5D858F0-2B19-4C8B-A4FA-5F15CD27688D}.Release Singlethreaded|x86.ActiveCfg = Release|Win32
		{B5D858F0-2B19-4C8B-A4FA-5F15CD27688D}.Release Singlethreaded|x86.Build.0 = Release|Win32
		{B5D858F0-2B19-4C8B-A4FA-5F15CD27688D}.Release|Any CPU.ActiveCfg = Release|Win32
		{B5D858F0-2B19-4C8B-A4FA-5F15CD27688D}.Release|x64.ActiveCfg = Release|x64
		{B5D858F0-2B19-4C8B-A4FA-5F15CD27688D}.Release|x64.Build.0 = Release|x64
		{B5D858F0-2B19-4C8B-A4FA-5F15CD27688D}.Release|x86.ActiveCfg = Release|Win32
		{B5D858F0-2B19-4C8B-A4FA-5F15CD27688D}.Release|x86.Build.0 = Release|Win32
		{25A3D520-C1AD-43B1-AA40-403C2E4985AA}.Debug Multithreaded|Any CPU.ActiveCfg = Release|x64
		{25A3D520-C1AD-43B1-AA40-403C2E4985AA}.Debug Multithreaded|Any CPU.Build.0 = Release|x64
		{25A3D520-C1AD-43B1-AA40-403C2E4985AA}.Debug Multithreaded|x64.ActiveCfg = Debug|x64
		{25A3D520-C1AD-43B1-AA40-403C2E4985AA}.Debug Multithreaded|x64.Build.0 = Debug|x64
		{25A3D520-C1AD-43B1-AA40-403C2E4985AA}.Debug Multithreaded|x86.ActiveCfg = Debug|Win32
		{25A3D520-C1AD-43B1-AA40-403C2E4985AA}.Debug Multithreaded|x86.Build.0 = Debug|Win32
		{25A3D520-C1AD-43B1-AA40-403C2E4985AA}.Debug Singlethreaded|Any CPU.ActiveCfg = Release|x64
		{25A3D520-C1AD-43B1-AA40-403C2E4985AA}.Debug Singlethreaded|Any CPU.Build.0 = Release|x64
		{25A3D520-C1AD-43B1-AA40-403C2E4985AA}.Debug Singlethreaded|x64.ActiveCfg = Debug|x64
		{25A3D520-C1AD-43B1-AA40-403C2E4985AA}.Debug Singlethreaded|x64.Build.0 = Debug|x64
		{25A3D520-C1AD-43B1-AA40-403C2E4985AA}.Debug Singlethreaded|x86.ActiveCfg = Debug|Win32
		{25A3D520-C1AD-43B1-AA40-403C2E4985AA}.Debug Singlethreaded|x86.Build.0 = Debug|Win32
		{25A3D520-C1AD-43B1-AA40-403C2E4985AA}.Debug|Any CPU.ActiveCfg = Debug|Win32
		{25A3D520-C1AD-43B1-AA40-403C2E4985AA}.Debug|x64.ActiveCfg = Debug|x64
		{25A3D520-C1AD-43B1-AA40-403C2E4985AA}.Debug|x64.Build.0 = Debug|x64
		{25A3D520-C1AD-43B1-AA40-403C2E4985AA}.Debug|x86.ActiveCfg = Debug|Win32
		{25A3D520-C1AD-43B1-AA40-403C2E4985AA}.Debug|x86.Build.0 = Debug|Win32
		{25A3D520-C1AD-43B1-AA40-403C2E4985AA}.Release Multithreaded|Any CPU.ActiveCfg = Release|x64
		{25A3D520-C1AD-43B1-AA40-403C2E4985AA}.Release Multithreaded|Any CPU.Build.0 = Release|x64
		{25A3D520-C1AD-43B1-AA40-403C2E4985AA}.Release Multithreaded|x64.ActiveCfg = Release|x64
		{25A3D520-C1AD-43B1-AA40-403C2E4985AA}.Release Multithreaded|x64.Build.0 = Release|x64
		{25A3D520-C1AD-43B1-AA40-403C2E4985AA}.Release Multithreaded|x86.ActiveCfg = Release|Win32
		{25A3D520-C1AD-43B1-AA40-403C2E4985AA}.Release Multithreaded|x86.Build.0 = Release|Win32
		{25A3D520-C1AD-43B1-AA40-403C2E4985AA}.Release Singlethreaded|Any CPU.ActiveCfg = Release|x64
		{25A3D520-C1AD-43B1-AA40-403C2E4985AA}.Release Singlethreaded|Any CPU.Build.0 = Release|x64
		{25A3D520-C1AD-43B1-AA40-403C2E4985AA}.Release Singlethreaded|x64.ActiveCfg = Release|x64
		{25A3D520-C1AD-43B1-AA40-403C2E4985AA}.Release Singlethreaded|x64.Build.0 = Release|x64
		{25A3D520-C1AD-43B1-AA40-403C2E4985AA}.Release Singlethreaded|x86.ActiveCfg = Release|Win32
		{25A3D520-C1AD-43B1-AA40-403C2E4985AA}.Release Singlethreaded|x86.Build.0 = Release|Win32
		{25A3D520-C1AD-43B1-AA40-403C2E4985AA}.Release|Any CPU.ActiveCfg = Release|Win32
		{25A3D520-C1AD-43B1-AA40-403C2E4985AA}.Release|x64.ActiveCfg = Release|x64
		{25A3D520-C1AD-43B1-AA40-403C2E4985AA}.Release|x64.Build.0 = Release|x64
		{25A3D520-C1AD-43B1-AA40-403C2E4985AA}.Release|x86.ActiveCfg = Release|Win32
		{25A3D520-C1AD-43B1-AA40-403C2E4985AA}.Release|x86.Build.0 = Release|Win32
		{205EC7C5-A7B2-43C2-B03A-9F1F6139D073}.Debug Multithreaded|Any CPU.ActiveCfg = Debug|Any CPU
		{205EC7C5-A7B2-43C2-B03A-9F1F6139D073}.Debug Multithreaded|Any CPU.Build.0 = Debug|Any CPU
		{205EC7C5-A7B2-43C2-B03A-9F1F6139D073}.Debug Multithreaded|x64.ActiveCfg = Debug|Any CPU
		{205EC7C5-A7B2-43C2-B03A-9F1F6139D073}.Debug Multithreaded|x64.Build.0 = Debug|Any CPU
		{205EC7C5-A7B2-43C2-B03A-9F1F6139D073}.Debug Multithreaded|x86.ActiveCfg = Debug|Any CPU
		{205EC7C5-A7B2-43C2-B03A-9F1F6139D073}.Debug Multithreaded|x86.Build.0 = Debug|Any CPU
		{205EC7C5-A7B2-43C2-B03A-9F1F6139D073}.Debug Singlethreaded|Any CPU.ActiveCfg = Debug|Any CPU
		{205EC7C5-A7B2-43C2-B03A-9F1F6139D073}.Debug Singlethreaded|Any CPU.Build.0 = Debug|Any CPU
		{205EC7C5-A7B2-43C2-B03A-9F1F6139D073}.Debug Singlethreaded|x64.ActiveCfg = Debug|Any CPU
		{205EC7C5-A7B2-43C2-B03A-9F1F6139D073}.Debug Singlethreaded|x64.Build.0 = Debug|Any CPU
		{205EC7C5-A7B2-43C2-B03A-9F1F6139D073}.Debug Singlethreaded|x86.ActiveCfg = Debug|Any CPU
		{205EC7C5-A7B2-43C2-B03A-9F1F6139D073}.Debug Singlethreaded|x86.Build.0 = Debug|Any CPU
		{205EC7C5-A7B2-43C2-B03A-9F1F6139D073}.Debug|Any CPU.ActiveCfg = Debug|Any CPU
		{205EC7C5-A7B2-43C2-B03A-9F1F6139D073}.Debug|Any CPU.Build.0 = Debug|Any CPU
		{205EC7C5-A7B2-43C2-B03A-9F1F6139D073}.Debug|x64.ActiveCfg = Debug|Any CPU
		{205EC7C5-A7B2-43C2-B03A-9F1F6139D073}.Debug|x64.Build.0 = Debug|Any CPU
		{205EC7C5-A7B2-43C2-B03A-9F1F6139D073}.Debug|x86.ActiveCfg = Debug|Any CPU
		{205EC7C5-A7B2-43C2-B03A-9F1F6139D073}.Debug|x86.Build.0 = Debug|Any CPU
		{205EC7C5-A7B2-43C2-B03A-9F1F6139D073}.Release Multithreaded|Any CPU.ActiveCfg = Release|Any CPU
		{205EC7C5-A7B2-43C2-B03A-9F1F6139D073}.Release Multithreaded|Any CPU.Build.0 = Release|Any CPU
		{205EC7C5-A7B2-43C2-B03A-9F1F6139D073}.Release Multithreaded|x64.ActiveCfg = Release|Any CPU
		{205EC7C5-A7B2-43C2-B03A-9F1F6139D073}.Release Multithreaded|x64.Build.0 = Release|Any CPU
		{205EC7C5-A7B2-43C2-B03A-9F1F6139D073}.Release Multithreaded|x86.ActiveCfg = Release|Any CPU
		{205EC7C5-A7B2-43C2-B03A-9F1F6139D073}.Release Multithreaded|x86.Build.0 = Release|Any CPU
		{205EC7C5-A7B2-43C2-B03A-9F1F6139D073}.Release Singlethreaded|Any CPU.ActiveCfg = Release|Any CPU
		{205EC7C5-A7B2-43C2-B03A-9F1F6139D073}.Release Singlethreaded|Any CPU.Build.0 = Release|Any CPU
		{205EC7C5-A7B2-43C2-B03A-9F1F6139D073}.Release Singlethreaded|x64.ActiveCfg = Release|Any CPU
		{205EC7C5-A7B2-43C2-B03A-9F1F6139D073}.Release Singlethreaded|x64.Build.0 = Release|Any CPU
		{205EC7C5-A7B2-43C2-B03A-9F1F6139D073}.Release Singlethreaded|x86.ActiveCfg = Release|Any CPU
		{205EC7C5-A7B2-43C2-B03A-9F1F6139D073}.Release Singlethreaded|x86.Build.0 = Release|Any CPU
		{205EC7C5-A7B2-43C2-B03A-9F1F6139D073}.Release|Any CPU.ActiveCfg = Release|Any CPU
		{205EC7C5-A7B2-43C2-B03A-9F1F6139D073}.Release|Any CPU.Build.0 = Release|Any CPU
		{205EC7C5-A7B2-43C2-B03A-9F1F6139D073}.Release|x64.ActiveCfg = Release|Any CPU
		{205EC7C5-A7B2-43C2-B03A-9F1F6139D073}.Release|x64.Build.0 = Release|Any CPU
		{205EC7C5-A7B2-43C2-B03A-9F1F6139D073}.Release|x86.ActiveCfg = Release|Any CPU
		{205EC7C5-A7B2-43C2-B03A-9F1F6139D073}.Release|x86.Build.0 = Release|Any CPU
		{AA714453-A767-4327-B855-DF035ED3828B}.Debug Multithreaded|Any CPU.ActiveCfg = Release|x64
		{AA714453-A767-4327-B855-DF035ED3828B}.Debug Multithreaded|Any CPU.Build.0 = Release|x64
		{AA714453-A767-4327-B855-DF035ED3828B}.Debug Multithreaded|x64.ActiveCfg = Debug|x64
		{AA714453-A767-4327-B855-DF035ED3828B}.Debug Multithreaded|x64.Build.0 = Debug|x64
		{AA714453-A767-4327-B855-DF035ED3828B}.Debug Multithreaded|x86.ActiveCfg = Debug|Win32
		{AA714453-A767-4327-B855-DF035ED3828B}.Debug Multithreaded|x86.Build.0 = Debug|Win32
		{AA714453-A767-4327-B855-DF035ED3828B}.Debug Singlethreaded|Any CPU.ActiveCfg = Release|x64
		{AA714453-A767-4327-B855-DF035ED3828B}.Debug Singlethreaded|Any CPU.Build.0 = Release|x64
		{AA714453-A767-4327-B855-DF035ED3828B}.Debug Singlethreaded|x64.ActiveCfg = Debug|x64
		{AA714453-A767-4327-B855-DF035ED3828B}.Debug Singlethreaded|x64.Build.0 = Debug|x64
		{AA714453-A767-4327-B855-DF035ED3828B}.Debug Singlethreaded|x86.ActiveCfg = Debug|Win32
		{AA714453-A767-4327-B855-DF035ED3828B}.Debug Singlethreaded|x86.Build.0 = Debug|Win32
		{AA714453-A767-4327-B855-DF035ED3828B}.Debug|Any CPU.ActiveCfg = Debug|Win32
		{AA714453-A767-4327-B855-DF035ED3828B}.Debug|x64.ActiveCfg = Debug|x64
		{AA714453-A767-4327-B855-DF035ED3828B}.Debug|x64.Build.0 = Debug|x64
		{AA714453-A767-4327-B855-DF035ED3828B}.Debug|x86.ActiveCfg = Debug|Win32
		{AA714453-A767-4327-B855-DF035ED3828B}.Debug|x86.Build.0 = Debug|Win32
		{AA714453-A767-4327-B855-DF035ED3828B}.Release Multithreaded|Any CPU.ActiveCfg = Release|x64
		{AA714453-A767-4327-B855-DF035ED3828B}.Release Multithreaded|Any CPU.Build.0 = Release|x64
		{AA714453-A767-4327-B855-DF035ED3828B}.Release Multithreaded|x64.ActiveCfg = Release|x64
		{AA714453-A767-4327-B855-DF035ED3828B}.Release Multithreaded|x64.Build.0 = Release|x64
		{AA714453-A767-4327-B855-DF035ED3828B}.Release Multithreaded|x86.ActiveCfg = Release|Win32
		{AA714453-A767-4327-B855-DF035ED3828B}.Release Multithreaded|x86.Build.0 = Release|Win32
		{AA714453-A767-4327-B855-DF035ED3828B}.Release Singlethreaded|Any CPU.ActiveCfg = Release|x64
		{AA714453-A767-4327-B855-DF035ED3828B}.Release Singlethreaded|Any CPU.Build.0 = Release|x64
		{AA714453-A767-4327-B855-DF035ED3828B}.Release Singlethreaded|x64.ActiveCfg = Release|x64
		{AA714453-A767-4327-B855-DF035ED3828B}.Release Singlethreaded|x64.Build.0 = Release|x64
		{AA714453-A767-4327-B855-DF035ED3828B}.Release Singlethreaded|x86.ActiveCfg = Release|Win32
		{AA714453-A767-4327-B855-DF035ED3828B}.Release Singlethreaded|x86.Build.0 = Release|Win32
		{AA714453-A767-4327-B855-DF035ED3828B}.Release|Any CPU.ActiveCfg = Release|Win32
		{AA714453-A767-4327-B855-DF035ED3828B}.Release|x64.ActiveCfg = Release|x64
		{AA714453-A767-4327-B855-DF035ED3828B}.Release|x64.Build.0 = Release|x64
		{AA714453-A767-4327-B855-DF035ED3828B}.Release|x86.ActiveCfg = Release|Win32
		{AA714453-A767-4327-B855-DF035ED3828B}.Release|x86.Build.0 = Release|Win32
		{2A270164-9975-4578-B609-6EC28FB6206F}.Debug Multithreaded|Any CPU.ActiveCfg = Release|x64
		{2A270164-9975-4578-B609-6EC28FB6206F}.Debug Multithreaded|Any CPU.Build.0 = Release|x64
		{2A270164-9975-4578-B609-6EC28FB6206F}.Debug Multithreaded|x64.ActiveCfg = Debug|x64
		{2A270164-9975-4578-B609-6EC28FB6206F}.Debug Multithreaded|x64.Build.0 = Debug|x64
		{2A270164-9975-4578-B609-6EC28FB6206F}.Debug Multithreaded|x86.ActiveCfg = Debug|Win32
		{2A270164-9975-4578-B609-6EC28FB6206F}.Debug Multithreaded|x86.Build.0 = Debug|Win32
		{2A270164-9975-4578-B609-6EC28FB6206F}.Debug Singlethreaded|Any CPU.ActiveCfg = Release|x64
		{2A270164-9975-4578-B609-6EC28FB6206F}.Debug Singlethreaded|Any CPU.Build.0 = Release|x64
		{2A270164-9975-4578-B609-6EC28FB6206F}.Debug Singlethreaded|x64.ActiveCfg = Debug|x64
		{2A270164-9975-4578-B609-6EC28FB6206F}.Debug Singlethreaded|x64.Build.0 = Debug|x64
		{2A270164-9975-4578-B609-6EC28FB6206F}.Debug Singlethreaded|x86.ActiveCfg = Debug|Win32
		{2A270164-9975-4578-B609-6EC28FB6206F}.Debug Singlethreaded|x86.Build.0 = Debug|Win32
		{2A270164-9975-4578-B609-6EC28FB6206F}.Debug|Any CPU.ActiveCfg = Debug|Win32
		{2A270164-9975-4578-B609-6EC28FB6206F}.Debug|x64.ActiveCfg = Debug|x64
		{2A270164-9975-4578-B609-6EC28FB6206F}.Debug|x64.Build.0 = Debug|x64
		{2A270164-9975-4578-B609-6EC28FB6206F}.Debug|x86.ActiveCfg = Debug|Win32
		{2A270164-9975-4578-B609-6EC28FB6206F}.Debug|x86.Build.0 = Debug|Win32
		{2A270164-9975-4578-B609-6EC28FB6206F}.Release Multithreaded|Any CPU.ActiveCfg = Release|x64
		{2A270164-9975-4578-B609-6EC28FB6206F}.Release Multithreaded|Any CPU.Build.0 = Release|x64
		{2A270164-9975-4578-B609-6EC28FB6206F}.Release Multithreaded|x64.ActiveCfg = Release|x64
		{2A270164-9975-4578-B609-6EC28FB6206F}.Release Multithreaded|x64.Build.0 = Release|x64
		{2A270164-9975-4578-B609-6EC28FB6206F}.Release Multithreaded|x86.ActiveCfg = Release|Win32
		{2A270164-9975-4578-B609-6EC28FB6206F}.Release Multithreaded|x86.Build.0 = Release|Win32
		{2A270164-9975-4578-B609-6EC28FB6206F}.Release Singlethreaded|Any CPU.ActiveCfg = Release|x64
		{2A270164-9975-4578-B609-6EC28FB6206F}.Release Singlethreaded|Any CPU.Build.0 = Release|x64
		{2A270164-9975-4578-B609-6EC28FB6206F}.Release Singlethreaded|x64.ActiveCfg = Release|x64
		{2A270164-9975-4578-B609-6EC28FB6206F}.Release Singlethreaded|x64.Build.0 = Release|x64
		{2A270164-9975-4578-B609-6EC28FB6206F}.Release Singlethreaded|x86.ActiveCfg = Release|Win32
		{2A270164-9975-4578-B609-6EC28FB6206F}.Release Singlethreaded|x86.Build.0 = Release|Win32
		{2A270164-9975-4578-B609-6EC28FB6206F}.Release|Any CPU.ActiveCfg = Release|Win32
		{2A270164-9975-4578-B609-6EC28FB6206F}.Release|x64.ActiveCfg = Release|x64
		{2A270164-9975-4578-B609-6EC28FB6206F}.Release|x64.Build.0 = Release|x64
		{2A270164-9975-4578-B609-6EC28FB6206F}.Release|x86.ActiveCfg = Release|Win32
		{2A270164-9975-4578-B609-6EC28FB6206F}.Release|x86.Build.0 = Release|Win32
		{3769A23D-00AD-4834-AEFA-3E924E4B532A}.Debug Multithreaded|Any CPU.ActiveCfg = Release|x64
		{3769A23D-00AD-4834-AEFA-3E924E4B532A}.Debug Multithreaded|Any CPU.Build.0 = Release|x64
		{3769A23D-00AD-4834-AEFA-3E924E4B532A}.Debug Multithreaded|x64.ActiveCfg = Debug|x64
		{3769A23D-00AD-4834-AEFA-3E924E4B532A}.Debug Multithreaded|x64.Build.0 = Debug|x64
		{3769A23D-00AD-4834-AEFA-3E924E4B532A}.Debug Multithreaded|x86.ActiveCfg = Debug|Win32
		{3769A23D-00AD-4834-AEFA-3E924E4B532A}.Debug Multithreaded|x86.Build.0 = Debug|Win32
		{3769A23D-00AD-4834-AEFA-3E924E4B532A}.Debug Singlethreaded|Any CPU.ActiveCfg = Release|x64
		{3769A23D-00AD-4834-AEFA-3E924E4B532A}.Debug Singlethreaded|Any CPU.Build.0 = Release|x64
		{3769A23D-00AD-4834-AEFA-3E924E4B532A}.Debug Singlethreaded|x64.ActiveCfg = Debug|x64
		{3769A23D-00AD-4834-AEFA-3E924E4B532A}.Debug Singlethreaded|x64.Build.0 = Debug|x64
		{3769A23D-00AD-4834-AEFA-3E924E4B532A}.Debug Singlethreaded|x86.ActiveCfg = Debug|Win32
		{3769A23D-00AD-4834-AEFA-3E924E4B532A}.Debug Singlethreaded|x86.Build.0 = Debug|Win32
		{3769A23D-00AD-4834-AEFA-3E924E4B532A}.Debug|Any CPU.ActiveCfg = Debug|Win32
		{3769A23D-00AD-4834-AEFA-3E924E4B532A}.Debug|x64.ActiveCfg = Debug|x64
		{3769A23D-00AD-4834-AEFA-3E924E4B532A}.Debug|x64.Build.0 = Debug|x64
		{3769A23D-00AD-4834-AEFA-3E924E4B532A}.Debug|x86.ActiveCfg = Debug|Win32
		{3769A23D-00AD-4834-AEFA-3E924E4B532A}.Debug|x86.Build.0 = Debug|Win32
		{3769A23D-00AD-4834-AEFA-3E924E4B532A}.Release Multithreaded|Any CPU.ActiveCfg = Release|x64
		{3769A23D-00AD-4834-AEFA-3E924E4B532A}.Release Multithreaded|Any CPU.Build.0 = Release|x64
		{3769A23D-00AD-4834-AEFA-3E924E4B532A}.Release Multithreaded|x64.ActiveCfg = Release|x64
		{3769A23D-00AD-4834-AEFA-3E924E4B532A}.Release Multithreaded|x64.Build.0 = Release|x64
		{3769A23D-00AD-4834-AEFA-3E924E4B532A}.Release Multithreaded|x86.ActiveCfg = Release|Win32
		{3769A23D-00AD-4834-AEFA-3E924E4B532A}.Release Multithreaded|x86.Build.0 = Release|Win32
		{3769A23D-00AD-4834-AEFA-3E924E4B532A}.Release Singlethreaded|Any CPU.ActiveCfg = Release|x64
		{3769A23D-00AD-4834-AEFA-3E924E4B532A}.Release Singlethreaded|Any CPU.Build.0 = Release|x64
		{3769A23D-00AD-4834-AEFA-3E924E4B532A}.Release Singlethreaded|x64.ActiveCfg = Release|x64
		{3769A23D-00AD-4834-AEFA-3E924E4B532A}.Release Singlethreaded|x64.Build.0 = Release|x64
		{3769A23D-00AD-4834-AEFA-3E924E4B532A}.Release Singlethreaded|x86.ActiveCfg = Release|Win32
		{3769A23D-00AD-4834-AEFA-3E924E4B532A}.Release Singlethreaded|x86.Build.0 = Release|Win32
		{3769A23D-00AD-4834-AEFA-3E924E4B532A}.Release|Any CPU.ActiveCfg = Release|Win32
		{3769A23D-00AD-4834-AEFA-3E924E4B532A}.Release|x64.ActiveCfg = Release|x64
		{3769A23D-00AD-4834-AEFA-3E924E4B532A}.Release|x64.Build.0 = Release|x64
		{3769A23D-00AD-4834-AEFA-3E924E4B532A}.Release|x86.ActiveCfg = Release|Win32
		{3769A23D-00AD-4834-AEFA-3E924E4B532A}.Release|x86.Build.0 = Release|Win32
		{78B079BD-9FC7-4B9E-B4A6-96DA0F00248B}.Debug Multithreaded|Any CPU.ActiveCfg = Debug Multithreaded|Win32
		{78B079BD-9FC7-4B9E-B4A6-96DA0F00248B}.Debug Multithreaded|x64.ActiveCfg = Debug Multithreaded|Win32
		{78B079BD-9FC7-4B9E-B4A6-96DA0F00248B}.Debug Multithreaded|x86.ActiveCfg = Debug Multithreaded|Win32
		{78B079BD-9FC7-4B9E-B4A6-96DA0F00248B}.Debug Multithreaded|x86.Build.0 = Debug Multithreaded|Win32
		{78B079BD-9FC7-4B9E-B4A6-96DA0F00248B}.Debug Singlethreaded|Any CPU.ActiveCfg = Debug Singlethreaded|Win32
		{78B079BD-9FC7-4B9E-B4A6-96DA0F00248B}.Debug Singlethreaded|x64.ActiveCfg = Debug Singlethreaded|Win32
		{78B079BD-9FC7-4B9E-B4A6-96DA0F00248B}.Debug Singlethreaded|x86.ActiveCfg = Debug Singlethreaded|Win32
		{78B079BD-9FC7-4B9E-B4A6-96DA0F00248B}.Debug Singlethreaded|x86.Build.0 = Debug Singlethreaded|Win32
		{78B079BD-9FC7-4B9E-B4A6-96DA0F00248B}.Debug|Any CPU.ActiveCfg = Debug|Win32
		{78B079BD-9FC7-4B9E-B4A6-96DA0F00248B}.Debug|x64.ActiveCfg = Debug|Win32
		{78B079BD-9FC7-4B9E-B4A6-96DA0F00248B}.Debug|x86.ActiveCfg = Debug|Win32
		{78B079BD-9FC7-4B9E-B4A6-96DA0F00248B}.Debug|x86.Build.0 = Debug|Win32
		{78B079BD-9FC7-4B9E-B4A6-96DA0F00248B}.Release Multithreaded|Any CPU.ActiveCfg = Release Multithreaded|Win32
		{78B079BD-9FC7-4B9E-B4A6-96DA0F00248B}.Release Multithreaded|x64.ActiveCfg = Release Multithreaded|Win32
		{78B079BD-9FC7-4B9E-B4A6-96DA0F00248B}.Release Multithreaded|x86.ActiveCfg = Release Multithreaded|Win32
		{78B079BD-9FC7-4B9E-B4A6-96DA0F00248B}.Release Multithreaded|x86.Build.0 = Release Multithreaded|Win32
		{78B079BD-9FC7-4B9E-B4A6-96DA0F00248B}.Release Singlethreaded|Any CPU.ActiveCfg = Release Singlethreaded|Win32
		{78B079BD-9FC7-4B9E-B4A6-96DA0F00248B}.Release Singlethreaded|x64.ActiveCfg = Release Singlethreaded|Win32
		{78B079BD-9FC7-4B9E-B4A6-96DA0F00248B}.Release Singlethreaded|x86.ActiveCfg = Release Singlethreaded|Win32
		{78B079BD-9FC7-4B9E-B4A6-96DA0F00248B}.Release Singlethreaded|x86.Build.0 = Release Singlethreaded|Win32
		{78B079BD-9FC7-4B9E-B4A6-96DA0F00248B}.Release|Any CPU.ActiveCfg = Release|Win32
		{78B079BD-9FC7-4B9E-B4A6-96DA0F00248B}.Release|x64.ActiveCfg = Release|Win32
		{78B079BD-9FC7-4B9E-B4A6-96DA0F00248B}.Release|x86.ActiveCfg = Release|Win32
		{78B079BD-9FC7-4B9E-B4A6-96DA0F00248B}.Release|x86.Build.0 = Release|Win32
	EndGlobalSection
	GlobalSection(SolutionProperties) = preSolution
		HideSolutionNode = FALSE
	EndGlobalSection
EndGlobal
