
Microsoft Visual Studio Solution File, Format Version 12.00
# Visual Studio 15
VisualStudioVersion = 15.0.26228.9
MinimumVisualStudioVersion = 10.0.40219.1
Project("{8BC9CEB8-8B4A-11D0-8D11-00A0C91BC942}") = "Lab1Project", "Lab1Project\Lab1Project.vcxproj", "{E6D83544-38FA-43C6-8377-DEBC60662F0E}"
EndProject
Project("{8BC9CEB8-8B4A-11D0-8D11-00A0C91BC942}") = "Lab2Project", "Lab2Project\Lab2Project.vcxproj", "{B8A80F8C-6FBA-4699-B912-789C0A408C88}"
EndProject
Project("{8BC9CEB8-8B4A-11D0-8D11-00A0C91BC942}") = "Lab3Project", "Lab3Project\Lab3Project.vcxproj", "{B5D858F0-2B19-4C8B-A4FA-5F15CD27688D}"
EndProject
Project("{8BC9CEB8-8B4A-11D0-8D11-00A0C91BC942}") = "Lab4Project", "Lab4Project\Lab4Project.vcxproj", "{25A3D520-C1AD-43B1-AA40-403C2E4985AA}"
EndProject
Project("{FAE04EC0-301F-11D3-BF4B-00C04F79EFBC}") = "OpenGlProject", "OpenGlProject\OpenGlProject.csproj", "{205EC7C5-A7B2-43C2-B03A-9F1F6139D073}"
EndProject
Global
	GlobalSection(SolutionConfigurationPlatforms) = preSolution
		Debug|Any CPU = Debug|Any CPU
		Debug|x64 = Debug|x64
		Debug|x86 = Debug|x86
		Release|Any CPU = Release|Any CPU
		Release|x64 = Release|x64
		Release|x86 = Release|x86
	EndGlobalSection
	GlobalSection(ProjectConfigurationPlatforms) = postSolution
		{E6D83544-38FA-43C6-8377-DEBC60662F0E}.Debug|Any CPU.ActiveCfg = Debug|Win32
		{E6D83544-38FA-43C6-8377-DEBC60662F0E}.Debug|x64.ActiveCfg = Debug|x64
		{E6D83544-38FA-43C6-8377-DEBC60662F0E}.Debug|x64.Build.0 = Debug|x64
		{E6D83544-38FA-43C6-8377-DEBC60662F0E}.Debug|x86.ActiveCfg = Debug|Win32
		{E6D83544-38FA-43C6-8377-DEBC60662F0E}.Debug|x86.Build.0 = Debug|Win32
		{E6D83544-38FA-43C6-8377-DEBC60662F0E}.Release|Any CPU.ActiveCfg = Release|Win32
		{E6D83544-38FA-43C6-8377-DEBC60662F0E}.Release|x64.ActiveCfg = Release|x64
		{E6D83544-38FA-43C6-8377-DEBC60662F0E}.Release|x64.Build.0 = Release|x64
		{E6D83544-38FA-43C6-8377-DEBC60662F0E}.Release|x86.ActiveCfg = Release|Win32
		{E6D83544-38FA-43C6-8377-DEBC60662F0E}.Release|x86.Build.0 = Release|Win32
		{B8A80F8C-6FBA-4699-B912-789C0A408C88}.Debug|Any CPU.ActiveCfg = Debug|Win32
		{B8A80F8C-6FBA-4699-B912-789C0A408C88}.Debug|x64.ActiveCfg = Debug|x64
		{B8A80F8C-6FBA-4699-B912-789C0A408C88}.Debug|x64.Build.0 = Debug|x64
		{B8A80F8C-6FBA-4699-B912-789C0A408C88}.Debug|x86.ActiveCfg = Debug|Win32
		{B8A80F8C-6FBA-4699-B912-789C0A408C88}.Debug|x86.Build.0 = Debug|Win32
		{B8A80F8C-6FBA-4699-B912-789C0A408C88}.Release|Any CPU.ActiveCfg = Release|Win32
		{B8A80F8C-6FBA-4699-B912-789C0A408C88}.Release|x64.ActiveCfg = Release|x64
		{B8A80F8C-6FBA-4699-B912-789C0A408C88}.Release|x64.Build.0 = Release|x64
		{B8A80F8C-6FBA-4699-B912-789C0A408C88}.Release|x86.ActiveCfg = Release|Win32
		{B8A80F8C-6FBA-4699-B912-789C0A408C88}.Release|x86.Build.0 = Release|Win32
		{B5D858F0-2B19-4C8B-A4FA-5F15CD27688D}.Debug|Any CPU.ActiveCfg = Debug|Win32
		{B5D858F0-2B19-4C8B-A4FA-5F15CD27688D}.Debug|x64.ActiveCfg = Debug|x64
		{B5D858F0-2B19-4C8B-A4FA-5F15CD27688D}.Debug|x64.Build.0 = Debug|x64
		{B5D858F0-2B19-4C8B-A4FA-5F15CD27688D}.Debug|x86.ActiveCfg = Debug|Win32
		{B5D858F0-2B19-4C8B-A4FA-5F15CD27688D}.Debug|x86.Build.0 = Debug|Win32
		{B5D858F0-2B19-4C8B-A4FA-5F15CD27688D}.Release|Any CPU.ActiveCfg = Release|Win32
		{B5D858F0-2B19-4C8B-A4FA-5F15CD27688D}.Release|x64.ActiveCfg = Release|x64
		{B5D858F0-2B19-4C8B-A4FA-5F15CD27688D}.Release|x64.Build.0 = Release|x64
		{B5D858F0-2B19-4C8B-A4FA-5F15CD27688D}.Release|x86.ActiveCfg = Release|Win32
		{B5D858F0-2B19-4C8B-A4FA-5F15CD27688D}.Release|x86.Build.0 = Release|Win32
		{25A3D520-C1AD-43B1-AA40-403C2E4985AA}.Debug|Any CPU.ActiveCfg = Debug|Win32
		{25A3D520-C1AD-43B1-AA40-403C2E4985AA}.Debug|x64.ActiveCfg = Debug|x64
		{25A3D520-C1AD-43B1-AA40-403C2E4985AA}.Debug|x64.Build.0 = Debug|x64
		{25A3D520-C1AD-43B1-AA40-403C2E4985AA}.Debug|x86.ActiveCfg = Debug|Win32
		{25A3D520-C1AD-43B1-AA40-403C2E4985AA}.Debug|x86.Build.0 = Debug|Win32
		{25A3D520-C1AD-43B1-AA40-403C2E4985AA}.Release|Any CPU.ActiveCfg = Release|Win32
		{25A3D520-C1AD-43B1-AA40-403C2E4985AA}.Release|x64.ActiveCfg = Release|x64
		{25A3D520-C1AD-43B1-AA40-403C2E4985AA}.Release|x64.Build.0 = Release|x64
		{25A3D520-C1AD-43B1-AA40-403C2E4985AA}.Release|x86.ActiveCfg = Release|Win32
		{25A3D520-C1AD-43B1-AA40-403C2E4985AA}.Release|x86.Build.0 = Release|Win32
		{205EC7C5-A7B2-43C2-B03A-9F1F6139D073}.Debug|Any CPU.ActiveCfg = Debug|Any CPU
		{205EC7C5-A7B2-43C2-B03A-9F1F6139D073}.Debug|Any CPU.Build.0 = Debug|Any CPU
		{205EC7C5-A7B2-43C2-B03A-9F1F6139D073}.Debug|x64.ActiveCfg = Debug|Any CPU
		{205EC7C5-A7B2-43C2-B03A-9F1F6139D073}.Debug|x64.Build.0 = Debug|Any CPU
		{205EC7C5-A7B2-43C2-B03A-9F1F6139D073}.Debug|x86.ActiveCfg = Debug|Any CPU
		{205EC7C5-A7B2-43C2-B03A-9F1F6139D073}.Debug|x86.Build.0 = Debug|Any CPU
		{205EC7C5-A7B2-43C2-B03A-9F1F6139D073}.Release|Any CPU.ActiveCfg = Release|Any CPU
		{205EC7C5-A7B2-43C2-B03A-9F1F6139D073}.Release|Any CPU.Build.0 = Release|Any CPU
		{205EC7C5-A7B2-43C2-B03A-9F1F6139D073}.Release|x64.ActiveCfg = Release|Any CPU
		{205EC7C5-A7B2-43C2-B03A-9F1F6139D073}.Release|x64.Build.0 = Release|Any CPU
		{205EC7C5-A7B2-43C2-B03A-9F1F6139D073}.Release|x86.ActiveCfg = Release|Any CPU
		{205EC7C5-A7B2-43C2-B03A-9F1F6139D073}.Release|x86.Build.0 = Release|Any CPU
	EndGlobalSection
	GlobalSection(SolutionProperties) = preSolution
		HideSolutionNode = FALSE
	EndGlobalSection
EndGlobal
